
Microsoft Visual Studio Solution File, Format Version 12.00
# Visual Studio Version 17
VisualStudioVersion = 17.8.34511.84
MinimumVisualStudioVersion = 10.0.40219.1
Project("{FAE04EC0-301F-11D3-BF4B-00C04F79EFBC}") = "AdaTech.OperacoesComLista", "AdaTech.OperacoesComLista.csproj", "{B8FF7E99-EAE2-4BC1-AFB9-3D70B13DCC2A}"
EndProject
Global
	GlobalSection(SolutionConfigurationPlatforms) = preSolution
		Debug|Any CPU = Debug|Any CPU
		Release|Any CPU = Release|Any CPU
	EndGlobalSection
	GlobalSection(ProjectConfigurationPlatforms) = postSolution
		{B8FF7E99-EAE2-4BC1-AFB9-3D70B13DCC2A}.Debug|Any CPU.ActiveCfg = Debug|Any CPU
		{B8FF7E99-EAE2-4BC1-AFB9-3D70B13DCC2A}.Debug|Any CPU.Build.0 = Debug|Any CPU
		{B8FF7E99-EAE2-4BC1-AFB9-3D70B13DCC2A}.Release|Any CPU.ActiveCfg = Release|Any CPU
		{B8FF7E99-EAE2-4BC1-AFB9-3D70B13DCC2A}.Release|Any CPU.Build.0 = Release|Any CPU
	EndGlobalSection
	GlobalSection(SolutionProperties) = preSolution
		HideSolutionNode = FALSE
	EndGlobalSection
	GlobalSection(ExtensibilityGlobals) = postSolution
		SolutionGuid = {D18490FD-CB4F-435E-9FE7-018DE8177FC4}
	EndGlobalSection
EndGlobal
